
Microsoft Visual Studio Solution File, Format Version 12.00
# Visual Studio 15
Project("{FAE04EC0-301F-11D3-BF4B-00C04F79EFBC}") = "rpp", "rpp.csproj", "{88441201-5E6C-4552-87DD-850FC747707D}"
EndProject
Global
	GlobalSection(SolutionConfigurationPlatforms) = preSolution
		Debug|anycpu = Debug|anycpu
		Release|anycpu = Release|anycpu
	EndGlobalSection
	GlobalSection(ProjectConfigurationPlatforms) = postSolution
		{88441201-5E6C-4552-87DD-850FC747707D}.Debug|anycpu.ActiveCfg = Debug|anycpu
		{88441201-5E6C-4552-87DD-850FC747707D}.Debug|anycpu.Build.0 = Debug|anycpu
		{88441201-5E6C-4552-87DD-850FC747707D}.Release|anycpu.ActiveCfg = Release|anycpu
		{88441201-5E6C-4552-87DD-850FC747707D}.Release|anycpu.Build.0 = Release|anycpu
	EndGlobalSection
EndGlobal
