
Microsoft Visual Studio Solution File, Format Version 12.00
# Visual Studio Version 16
VisualStudioVersion = 16.0.29306.81
MinimumVisualStudioVersion = 10.0.40219.1
Project("{FAE04EC0-301F-11D3-BF4B-00C04F79EFBC}") = "MS_4", "MS_4\MS_4.csproj", "{B14521CC-9F34-47F3-AABE-846E73CEB353}"
EndProject
Global
	GlobalSection(SolutionConfigurationPlatforms) = preSolution
		Debug|Any CPU = Debug|Any CPU
		Release|Any CPU = Release|Any CPU
	EndGlobalSection
	GlobalSection(ProjectConfigurationPlatforms) = postSolution
		{B14521CC-9F34-47F3-AABE-846E73CEB353}.Debug|Any CPU.ActiveCfg = Debug|Any CPU
		{B14521CC-9F34-47F3-AABE-846E73CEB353}.Debug|Any CPU.Build.0 = Debug|Any CPU
		{B14521CC-9F34-47F3-AABE-846E73CEB353}.Release|Any CPU.ActiveCfg = Release|Any CPU
		{B14521CC-9F34-47F3-AABE-846E73CEB353}.Release|Any CPU.Build.0 = Release|Any CPU
	EndGlobalSection
	GlobalSection(SolutionProperties) = preSolution
		HideSolutionNode = FALSE
	EndGlobalSection
	GlobalSection(ExtensibilityGlobals) = postSolution
		SolutionGuid = {B9AAE68C-AA27-4196-80A5-29958CCA75CC}
	EndGlobalSection
EndGlobal
